
Microsoft Visual Studio Solution File, Format Version 12.00
# Visual Studio Version 16
VisualStudioVersion = 16.0.30406.217
MinimumVisualStudioVersion = 10.0.40219.1
Project("{FAE04EC0-301F-11D3-BF4B-00C04F79EFBC}") = "Herança e Polimorfismo", "Herança e Polimorfismo\Herança e Polimorfismo.csproj", "{E2731E7A-C6D0-4FF0-BB40-C73EC516350C}"
EndProject
Global
	GlobalSection(SolutionConfigurationPlatforms) = preSolution
		Debug|Any CPU = Debug|Any CPU
		Release|Any CPU = Release|Any CPU
	EndGlobalSection
	GlobalSection(ProjectConfigurationPlatforms) = postSolution
		{E2731E7A-C6D0-4FF0-BB40-C73EC516350C}.Debug|Any CPU.ActiveCfg = Debug|Any CPU
		{E2731E7A-C6D0-4FF0-BB40-C73EC516350C}.Debug|Any CPU.Build.0 = Debug|Any CPU
		{E2731E7A-C6D0-4FF0-BB40-C73EC516350C}.Release|Any CPU.ActiveCfg = Release|Any CPU
		{E2731E7A-C6D0-4FF0-BB40-C73EC516350C}.Release|Any CPU.Build.0 = Release|Any CPU
	EndGlobalSection
	GlobalSection(SolutionProperties) = preSolution
		HideSolutionNode = FALSE
	EndGlobalSection
	GlobalSection(ExtensibilityGlobals) = postSolution
		SolutionGuid = {218D27FA-AEB8-4F89-AFF7-AF55A17AC214}
	EndGlobalSection
EndGlobal
