
Microsoft Visual Studio Solution File, Format Version 12.00
# Visual Studio Version 16
VisualStudioVersion = 16.0.30406.217
MinimumVisualStudioVersion = 10.0.40219.1
Project("{FAE04EC0-301F-11D3-BF4B-00C04F79EFBC}") = "Exercicio 5", "Exercicio 5\Exercicio 5.csproj", "{AF6AC272-C1EA-4E99-9328-DDE9EF83AAAE}"
EndProject
Global
	GlobalSection(SolutionConfigurationPlatforms) = preSolution
		Debug|Any CPU = Debug|Any CPU
		Release|Any CPU = Release|Any CPU
	EndGlobalSection
	GlobalSection(ProjectConfigurationPlatforms) = postSolution
		{AF6AC272-C1EA-4E99-9328-DDE9EF83AAAE}.Debug|Any CPU.ActiveCfg = Debug|Any CPU
		{AF6AC272-C1EA-4E99-9328-DDE9EF83AAAE}.Debug|Any CPU.Build.0 = Debug|Any CPU
		{AF6AC272-C1EA-4E99-9328-DDE9EF83AAAE}.Release|Any CPU.ActiveCfg = Release|Any CPU
		{AF6AC272-C1EA-4E99-9328-DDE9EF83AAAE}.Release|Any CPU.Build.0 = Release|Any CPU
	EndGlobalSection
	GlobalSection(SolutionProperties) = preSolution
		HideSolutionNode = FALSE
	EndGlobalSection
	GlobalSection(ExtensibilityGlobals) = postSolution
		SolutionGuid = {F99807A7-3F40-480C-B47C-3EEC41E99EAB}
	EndGlobalSection
EndGlobal
