
Microsoft Visual Studio Solution File, Format Version 12.00
# Visual Studio Version 16
VisualStudioVersion = 16.0.30406.217
MinimumVisualStudioVersion = 10.0.40219.1
Project("{FAE04EC0-301F-11D3-BF4B-00C04F79EFBC}") = "Projetinho 1 Csharp", "Projetinho 1 Csharp\Projetinho 1 Csharp.csproj", "{9B58C13C-2B81-4C98-AC66-6D3199700165}"
EndProject
Global
	GlobalSection(SolutionConfigurationPlatforms) = preSolution
		Debug|Any CPU = Debug|Any CPU
		Release|Any CPU = Release|Any CPU
	EndGlobalSection
	GlobalSection(ProjectConfigurationPlatforms) = postSolution
		{9B58C13C-2B81-4C98-AC66-6D3199700165}.Debug|Any CPU.ActiveCfg = Debug|Any CPU
		{9B58C13C-2B81-4C98-AC66-6D3199700165}.Debug|Any CPU.Build.0 = Debug|Any CPU
		{9B58C13C-2B81-4C98-AC66-6D3199700165}.Release|Any CPU.ActiveCfg = Release|Any CPU
		{9B58C13C-2B81-4C98-AC66-6D3199700165}.Release|Any CPU.Build.0 = Release|Any CPU
	EndGlobalSection
	GlobalSection(SolutionProperties) = preSolution
		HideSolutionNode = FALSE
	EndGlobalSection
	GlobalSection(ExtensibilityGlobals) = postSolution
		SolutionGuid = {4C851E26-CCEB-4D7D-A995-1B885AE0BEB5}
	EndGlobalSection
EndGlobal
